<?xml version="1.0" encoding="utf-8"?>
<Project ToolsVersion="4.0" xmlns="http://schemas.microsoft.com/developer/msbuild/2003">
  <ItemGroup>
    <Filter Include="Source Files">
      <UniqueIdentifier>{4FC737F1-C7A5-4376-A066-2A32D752A2FF}</UniqueIdentifier>
      <Extensions>cpp;c;cc;cxx;def;odl;idl;hpj;bat;asm;asmx</Extensions>
    </Filter>
    <Filter Include="Header Files">
      <UniqueIdentifier>{93995380-89BD-4b04-88EB-625FBE52EBFB}</UniqueIdentifier>
      <Extensions>h;hh;hpp;hxx;hm;inl;inc;xsd</Extensions>
    </Filter>
    <Filter Include="Resource Files">
      <UniqueIdentifier>{67DA6AB6-F800-4c08-8B7A-83BB121AAD01}</UniqueIdentifier>
      <Extensions>rc;ico;cur;bmp;dlg;rc2;rct;bin;rgs;gif;jpg;jpeg;jpe;resx;tiff;tif;png;wav;mfcribbon-ms</Extensions>
    </Filter>
    <Filter Include="Source Files\Shaders">
      <UniqueIdentifier>{daff101a-a7e5-456a-9900-5f1867ec1eab}</UniqueIdentifier>
    </Filter>
  </ItemGroup>
  <ItemGroup>
    <ClCompile Include="main.cpp">
      <Filter>Source Files</Filter>
    </ClCompile>
    <ClCompile Include="GL_utilities.c">
      <Filter>Source Files</Filter>
    </ClCompile>
    <ClCompile Include="Camera.cpp">
      <Filter>Source Files</Filter>
    </ClCompile>
    <ClCompile Include="KeyboardHandler.cpp">
      <Filter>Source Files</Filter>
    </ClCompile>
    <ClCompile Include="Shader.cpp">
      <Filter>Source Files</Filter>
    </ClCompile>
    <ClCompile Include="Game.cpp">
      <Filter>Source Files</Filter>
    </ClCompile>
    <ClCompile Include="Terrain.cpp">
      <Filter>Source Files</Filter>
    </ClCompile>
    <ClCompile Include="TerrainGenerator.cpp">
      <Filter>Source Files</Filter>
    </ClCompile>
    <ClCompile Include="FileHandler.cpp">
      <Filter>Source Files</Filter>
    </ClCompile>
    <ClCompile Include="SphericShadowmapViewshed.cpp">
      <Filter>Source Files</Filter>
    </ClCompile>
    <ClCompile Include="Observer.cpp">
      <Filter>Source Files</Filter>
    </ClCompile>
    <ClCompile Include="VoxelContainer.cpp">
      <Filter>Source Files</Filter>
    </ClCompile>
    <ClCompile Include="VoxelViewshed.cpp">
      <Filter>Source Files</Filter>
    </ClCompile>
    <ClCompile Include="RoadSelector.cpp">
      <Filter>Source Files</Filter>
    </ClCompile>
  </ItemGroup>
  <ItemGroup>
    <ClInclude Include="GL_utilities.h">
      <Filter>Header Files</Filter>
    </ClInclude>
    <ClInclude Include="Camera.h">
      <Filter>Header Files</Filter>
    </ClInclude>
    <ClInclude Include="KeyboardHandler.h">
      <Filter>Header Files</Filter>
    </ClInclude>
    <ClInclude Include="Shader.h">
      <Filter>Header Files</Filter>
    </ClInclude>
    <ClInclude Include="Game.h">
      <Filter>Header Files</Filter>
    </ClInclude>
    <ClInclude Include="Terrain.h">
      <Filter>Header Files</Filter>
    </ClInclude>
    <ClInclude Include="TerrainGenerator.h">
      <Filter>Header Files</Filter>
    </ClInclude>
    <ClInclude Include="FileHandler.h">
      <Filter>Header Files</Filter>
    </ClInclude>
    <ClInclude Include="SphericShadowmapViewshed.h">
      <Filter>Header Files</Filter>
    </ClInclude>
    <ClInclude Include="Observer.h">
      <Filter>Header Files</Filter>
    </ClInclude>
    <ClInclude Include="VoxelContainer.h">
      <Filter>Header Files</Filter>
    </ClInclude>
    <ClInclude Include="VoxelViewshed.h">
      <Filter>Header Files</Filter>
    </ClInclude>
    <ClInclude Include="RoadSelector.h">
      <Filter>Header Files</Filter>
    </ClInclude>
  </ItemGroup>
  <ItemGroup>
    <None Include="shadowmapOrtho.frag">
      <Filter>Source Files\Shaders</Filter>
    </None>
    <None Include="shadowmapOrtho.vert">
      <Filter>Source Files\Shaders</Filter>
    </None>
    <None Include="shadowmapSpherical.vert">
      <Filter>Source Files\Shaders</Filter>
    </None>
    <None Include="terrainOrtho.frag">
      <Filter>Source Files\Shaders</Filter>
    </None>
    <None Include="terrainOrtho.vert">
      <Filter>Source Files\Shaders</Filter>
    </None>
    <None Include="terrainShadowmap.frag">
      <Filter>Source Files\Shaders</Filter>
    </None>
    <None Include="terrainShadowmap.vert">
      <Filter>Source Files\Shaders</Filter>
    </None>
    <None Include="terrainSpherical.frag">
      <Filter>Source Files\Shaders</Filter>
    </None>
    <None Include="terrainSpherical.vert">
      <Filter>Source Files\Shaders</Filter>
    </None>
    <None Include="observer.vert">
      <Filter>Source Files\Shaders</Filter>
    </None>
    <None Include="observer.frag">
      <Filter>Source Files\Shaders</Filter>
    </None>
    <None Include="terrainVoxel.vert">
      <Filter>Source Files\Shaders</Filter>
    </None>
    <None Include="terrainVoxel.frag">
      <Filter>Source Files\Shaders</Filter>
    </None>
    <None Include="encodePosition.vert">
      <Filter>Source Files\Shaders</Filter>
    </None>
    <None Include="encodePosition.frag">
      <Filter>Source Files\Shaders</Filter>
    </None>
  </ItemGroup>
</Project>